{
  "requires": true,
  "lockfileVersion": 1,
  "dependencies": {
    "@aws-cdk/aws-events": {
      "version": "1.42.1",
      "resolved": "https://registry.npmjs.org/@aws-cdk/aws-events/-/aws-events-1.42.1.tgz",
      "integrity": "sha512-wB8IFGBvvjkG4E+7c7xk/8HG6sQ/vnTVfOAurb8iPpqXetIs2KMufyIpi5HVH34UQiujnoSqxqgGAQdizyn4ow==",
      "requires": {
        "@aws-cdk/aws-iam": "1.42.1",
        "@aws-cdk/core": "1.42.1",
        "constructs": "^3.0.2"
      }
    },
    "@aws-cdk/aws-iam": {
      "version": "1.42.1",
      "resolved": "https://registry.npmjs.org/@aws-cdk/aws-iam/-/aws-iam-1.42.1.tgz",
      "integrity": "sha512-WKxNoODU2r4Z8yLd4T3f8rUgpYDQUjdgb8jBaq6PffZtuCkl9HQiEiLrMviKh8TuLzWwRjKi/taBHfB/N1vaqw==",
      "requires": {
        "@aws-cdk/core": "1.42.1",
        "@aws-cdk/region-info": "1.42.1",
        "constructs": "^3.0.2"
      }
    },
    "@aws-cdk/aws-kms": {
      "version": "1.42.1",
      "resolved": "https://registry.npmjs.org/@aws-cdk/aws-kms/-/aws-kms-1.42.1.tgz",
      "integrity": "sha512-v2Vp8u330guNIOxUCRf4jYHr52Pc8lYnwam9MZOmUm8cHkrdvYhTcM+j3jV1u888igJiF0t4129q2HdHZTSHfQ==",
      "requires": {
        "@aws-cdk/aws-iam": "1.42.1",
        "@aws-cdk/core": "1.42.1",
        "constructs": "^3.0.2"
      }
    },
    "@aws-cdk/aws-s3": {
      "version": "1.42.1",
      "resolved": "https://registry.npmjs.org/@aws-cdk/aws-s3/-/aws-s3-1.42.1.tgz",
      "integrity": "sha512-krAMkwImYET96WpVwXywMrFLegaN8lGUF1Xh6+Yej9ZEevAkc6YCr5Ht4sAbK2dcQAVxQuKs6PGljCwkJq1GJA==",
      "requires": {
        "@aws-cdk/aws-events": "1.42.1",
        "@aws-cdk/aws-iam": "1.42.1",
        "@aws-cdk/aws-kms": "1.42.1",
        "@aws-cdk/core": "1.42.1",
        "constructs": "^3.0.2"
      }
    },
    "@aws-cdk/cdk-assets-schema": {
      "version": "1.42.1",
      "resolved": "https://registry.npmjs.org/@aws-cdk/cdk-assets-schema/-/cdk-assets-schema-1.42.1.tgz",
      "integrity": "sha512-u2teZiV3btWQN3DOdncJw2jnRWU/LhaSLgqkulkmMQ2EJfNO+CpNgmCNvNtJRMOAOY8JnQSjpZ/9DcRINzjlWA==",
      "requires": {
        "semver": "^7.2.2"
      },
      "dependencies": {
        "semver": {
          "version": "7.3.2",
          "bundled": true
        }
      }
    },
    "@aws-cdk/cloud-assembly-schema": {
      "version": "1.42.1",
      "resolved": "https://registry.npmjs.org/@aws-cdk/cloud-assembly-schema/-/cloud-assembly-schema-1.42.1.tgz",
      "integrity": "sha512-Y6FiZGBVqUebHGHjdQpFFi49tqBTh5qGJlGLxhM0vO1eODEBDad5T8Pljhj2T8sUmLFnuuolEKdCXY47Nb7JxQ==",
      "requires": {
        "jsonschema": "^1.2.5",
        "semver": "^7.2.2"
      },
      "dependencies": {
        "jsonschema": {
          "version": "1.2.6",
          "bundled": true
        },
        "semver": {
          "version": "7.3.2",
          "bundled": true
        }
      }
    },
    "@aws-cdk/core": {
      "version": "1.42.1",
      "resolved": "https://registry.npmjs.org/@aws-cdk/core/-/core-1.42.1.tgz",
      "integrity": "sha512-dlZnEEN5WWsOuSEZs1TaIlUE2DVvOTqX1DDXa2Smlwt7N3gyjPH7sR16bhSJ7/XqG8jlV+0Ogw6onXkixRd3QA==",
      "requires": {
        "@aws-cdk/cdk-assets-schema": "1.42.1",
        "@aws-cdk/cloud-assembly-schema": "1.42.1",
        "@aws-cdk/cx-api": "1.42.1",
        "constructs": "^3.0.2",
        "minimatch": "^3.0.4"
      },
      "dependencies": {
        "balanced-match": {
          "version": "1.0.0",
          "bundled": true
        },
        "brace-expansion": {
          "version": "1.1.11",
          "bundled": true,
          "requires": {
            "balanced-match": "^1.0.0",
            "concat-map": "0.0.1"
          }
        },
        "concat-map": {
          "version": "0.0.1",
          "bundled": true
        },
        "minimatch": {
          "version": "3.0.4",
          "bundled": true,
          "requires": {
            "brace-expansion": "^1.1.7"
          }
        }
      }
    },
    "@aws-cdk/cx-api": {
      "version": "1.42.1",
      "resolved": "https://registry.npmjs.org/@aws-cdk/cx-api/-/cx-api-1.42.1.tgz",
      "integrity": "sha512-rwL+13assm8glAH2G5SglukN7pyiWwRS1yrNUL1l9p1ixJyqUBd8qwpJYk/e4NnHhfDVtUj8QvnxZv0DHaZrDw==",
      "requires": {
        "@aws-cdk/cloud-assembly-schema": "1.42.1",
        "semver": "^7.2.2"
      },
      "dependencies": {
        "semver": {
          "version": "7.3.2",
          "bundled": true
        }
      }
    },
    "@aws-cdk/region-info": {
      "version": "1.42.1",
      "resolved": "https://registry.npmjs.org/@aws-cdk/region-info/-/region-info-1.42.1.tgz",
      "integrity": "sha512-fqY8vhDGtZoU+5rZUMX/SsYfwalQDKa4Owpsz9/thjqhKhqYMrxh9thPYlxAfRei+xMjbyEi+DbDNA/SiY8yBg=="
    },
    "constructs": {
      "version": "3.0.3",
      "resolved": "https://registry.npmjs.org/constructs/-/constructs-3.0.3.tgz",
      "integrity": "sha512-JrYLpTlz92Un1jxkwoGiOiGoDjzIWtxo64sLC5FD4mQN1H9mAqZNvgxWYWaJIiWUXNkl5L5sO3GFf6peTj7UMQ=="
    }
  }
}
